
Microsoft Visual Studio Solution File, Format Version 12.00
# Visual Studio 2013
VisualStudioVersion = 12.0.30501.0
MinimumVisualStudioVersion = 10.0.40219.1
Project("{8BC9CEB8-8B4A-11D0-8D11-00A0C91BC942}") = "cf271", "cf271\cf271.vcxproj", "{E422CF3C-CBA8-4E9C-9209-A294618F9FDE}"
EndProject
Project("{8BC9CEB8-8B4A-11D0-8D11-00A0C91BC942}") = "cf269-1-140926", "cf269-1-140926\cf269-1-140926.vcxproj", "{3EEBC2DA-C398-45F4-8D09-1E9DAA5522CB}"
EndProject
Project("{8BC9CEB8-8B4A-11D0-8D11-00A0C91BC942}") = "cf270-140928", "cf270-140928\cf270-140928.vcxproj", "{EAC8A291-FC21-4557-BFB5-DB8D15A58B7B}"
EndProject
Project("{8BC9CEB8-8B4A-11D0-8D11-00A0C91BC942}") = "cd-byan", "cd-byan\cd-byan.vcxproj", "{536AB2BF-4D26-4691-A03D-315A38D84C17}"
EndProject
Project("{8BC9CEB8-8B4A-11D0-8D11-00A0C91BC942}") = "cf277.5-div2", "cf277.5-div2\cf277.5-div2.vcxproj", "{18DFE90B-520F-4E94-B0CD-9C8A4F3A6F16}"
EndProject
Project("{8BC9CEB8-8B4A-11D0-8D11-00A0C91BC942}") = "cf278-div2", "cf278-div2\cf278-div2.vcxproj", "{D7967DF4-72D2-42E6-8B20-704E36EA3D82}"
EndProject
Project("{8BC9CEB8-8B4A-11D0-8D11-00A0C91BC942}") = "cf280-div2", "cf280-div2\cf280-div2.vcxproj", "{43F5B21C-2544-4AC7-9A1C-531BBD2A2F72}"
EndProject
Project("{8BC9CEB8-8B4A-11D0-8D11-00A0C91BC942}") = "cf281-div2", "cf281-div2\cf281-div2.vcxproj", "{7A7BAFAC-0906-412F-B2C1-94D537D83465}"
EndProject
Project("{8BC9CEB8-8B4A-11D0-8D11-00A0C91BC942}") = "cf283-div2", "cf283-div2\cf283-div2.vcxproj", "{85F0BA3A-3929-4FAF-8951-E60F8C953B81}"
EndProject
Project("{8BC9CEB8-8B4A-11D0-8D11-00A0C91BC942}") = "cf284-div2", "cf284-div2\cf284-div2.vcxproj", "{C62F1E60-26B1-434F-8C3A-5698E06B62D2}"
EndProject
Project("{8BC9CEB8-8B4A-11D0-8D11-00A0C91BC942}") = "cf-goodbye2014", "cf-goodbye2014\cf-goodbye2014.vcxproj", "{DE42B25F-8257-415A-BA1D-CEB6EF359F98}"
EndProject
Project("{8BC9CEB8-8B4A-11D0-8D11-00A0C91BC942}") = "cf288-div2", "cf288-div2\cf288-div2.vcxproj", "{7528CD09-57F6-460C-8F53-0F56BF8AEE1D}"
EndProject
Project("{8BC9CEB8-8B4A-11D0-8D11-00A0C91BC942}") = "cf298-div2", "cf298-div2\cf298-div2.vcxproj", "{3A97163F-02E2-446C-BB15-3C6D42A1987C}"
EndProject
Project("{8BC9CEB8-8B4A-11D0-8D11-00A0C91BC942}") = "cf299-dive2", "cf299-dive2\cf299-dive2.vcxproj", "{CE7348FB-A172-4CEB-B83A-75B53F2503CB}"
EndProject
Project("{8BC9CEB8-8B4A-11D0-8D11-00A0C91BC942}") = "cf302-div2", "cf302-div2\cf302-div2.vcxproj", "{6F4868EA-2D9C-42E5-8FB6-6E142C771EA7}"
EndProject
Project("{8BC9CEB8-8B4A-11D0-8D11-00A0C91BC942}") = "cf303-div2", "cf303-div2\cf303-div2.vcxproj", "{17F4B2DC-BCC7-47E6-90F9-292F8EF8060E}"
EndProject
Project("{8BC9CEB8-8B4A-11D0-8D11-00A0C91BC942}") = "cf304-div2", "cf304-div2\cf304-div2.vcxproj", "{A3E9643B-AC94-4C6F-B305-97F54DEAADDB}"
EndProject
Project("{8BC9CEB8-8B4A-11D0-8D11-00A0C91BC942}") = "cf305-div2", "cf305-div2\cf305-div2.vcxproj", "{7464FAB3-47E3-4713-9E4F-88B66F40927B}"
EndProject
Global
	GlobalSection(SolutionConfigurationPlatforms) = preSolution
		Debug|Win32 = Debug|Win32
		Release|Win32 = Release|Win32
	EndGlobalSection
	GlobalSection(ProjectConfigurationPlatforms) = postSolution
		{E422CF3C-CBA8-4E9C-9209-A294618F9FDE}.Debug|Win32.ActiveCfg = Debug|Win32
		{E422CF3C-CBA8-4E9C-9209-A294618F9FDE}.Debug|Win32.Build.0 = Debug|Win32
		{E422CF3C-CBA8-4E9C-9209-A294618F9FDE}.Release|Win32.ActiveCfg = Release|Win32
		{E422CF3C-CBA8-4E9C-9209-A294618F9FDE}.Release|Win32.Build.0 = Release|Win32
		{3EEBC2DA-C398-45F4-8D09-1E9DAA5522CB}.Debug|Win32.ActiveCfg = Debug|Win32
		{3EEBC2DA-C398-45F4-8D09-1E9DAA5522CB}.Debug|Win32.Build.0 = Debug|Win32
		{3EEBC2DA-C398-45F4-8D09-1E9DAA5522CB}.Release|Win32.ActiveCfg = Release|Win32
		{3EEBC2DA-C398-45F4-8D09-1E9DAA5522CB}.Release|Win32.Build.0 = Release|Win32
		{EAC8A291-FC21-4557-BFB5-DB8D15A58B7B}.Debug|Win32.ActiveCfg = Debug|Win32
		{EAC8A291-FC21-4557-BFB5-DB8D15A58B7B}.Debug|Win32.Build.0 = Debug|Win32
		{EAC8A291-FC21-4557-BFB5-DB8D15A58B7B}.Release|Win32.ActiveCfg = Release|Win32
		{EAC8A291-FC21-4557-BFB5-DB8D15A58B7B}.Release|Win32.Build.0 = Release|Win32
		{536AB2BF-4D26-4691-A03D-315A38D84C17}.Debug|Win32.ActiveCfg = Debug|Win32
		{536AB2BF-4D26-4691-A03D-315A38D84C17}.Debug|Win32.Build.0 = Debug|Win32
		{536AB2BF-4D26-4691-A03D-315A38D84C17}.Release|Win32.ActiveCfg = Release|Win32
		{536AB2BF-4D26-4691-A03D-315A38D84C17}.Release|Win32.Build.0 = Release|Win32
		{18DFE90B-520F-4E94-B0CD-9C8A4F3A6F16}.Debug|Win32.ActiveCfg = Debug|Win32
		{18DFE90B-520F-4E94-B0CD-9C8A4F3A6F16}.Debug|Win32.Build.0 = Debug|Win32
		{18DFE90B-520F-4E94-B0CD-9C8A4F3A6F16}.Release|Win32.ActiveCfg = Release|Win32
		{18DFE90B-520F-4E94-B0CD-9C8A4F3A6F16}.Release|Win32.Build.0 = Release|Win32
		{D7967DF4-72D2-42E6-8B20-704E36EA3D82}.Debug|Win32.ActiveCfg = Debug|Win32
		{D7967DF4-72D2-42E6-8B20-704E36EA3D82}.Debug|Win32.Build.0 = Debug|Win32
		{D7967DF4-72D2-42E6-8B20-704E36EA3D82}.Release|Win32.ActiveCfg = Release|Win32
		{D7967DF4-72D2-42E6-8B20-704E36EA3D82}.Release|Win32.Build.0 = Release|Win32
		{43F5B21C-2544-4AC7-9A1C-531BBD2A2F72}.Debug|Win32.ActiveCfg = Debug|Win32
		{43F5B21C-2544-4AC7-9A1C-531BBD2A2F72}.Debug|Win32.Build.0 = Debug|Win32
		{43F5B21C-2544-4AC7-9A1C-531BBD2A2F72}.Release|Win32.ActiveCfg = Release|Win32
		{43F5B21C-2544-4AC7-9A1C-531BBD2A2F72}.Release|Win32.Build.0 = Release|Win32
		{7A7BAFAC-0906-412F-B2C1-94D537D83465}.Debug|Win32.ActiveCfg = Debug|Win32
		{7A7BAFAC-0906-412F-B2C1-94D537D83465}.Debug|Win32.Build.0 = Debug|Win32
		{7A7BAFAC-0906-412F-B2C1-94D537D83465}.Release|Win32.ActiveCfg = Release|Win32
		{7A7BAFAC-0906-412F-B2C1-94D537D83465}.Release|Win32.Build.0 = Release|Win32
		{85F0BA3A-3929-4FAF-8951-E60F8C953B81}.Debug|Win32.ActiveCfg = Debug|Win32
		{85F0BA3A-3929-4FAF-8951-E60F8C953B81}.Debug|Win32.Build.0 = Debug|Win32
		{85F0BA3A-3929-4FAF-8951-E60F8C953B81}.Release|Win32.ActiveCfg = Release|Win32
		{85F0BA3A-3929-4FAF-8951-E60F8C953B81}.Release|Win32.Build.0 = Release|Win32
		{C62F1E60-26B1-434F-8C3A-5698E06B62D2}.Debug|Win32.ActiveCfg = Debug|Win32
		{C62F1E60-26B1-434F-8C3A-5698E06B62D2}.Debug|Win32.Build.0 = Debug|Win32
		{C62F1E60-26B1-434F-8C3A-5698E06B62D2}.Release|Win32.ActiveCfg = Release|Win32
		{C62F1E60-26B1-434F-8C3A-5698E06B62D2}.Release|Win32.Build.0 = Release|Win32
		{DE42B25F-8257-415A-BA1D-CEB6EF359F98}.Debug|Win32.ActiveCfg = Debug|Win32
		{DE42B25F-8257-415A-BA1D-CEB6EF359F98}.Debug|Win32.Build.0 = Debug|Win32
		{DE42B25F-8257-415A-BA1D-CEB6EF359F98}.Release|Win32.ActiveCfg = Release|Win32
		{DE42B25F-8257-415A-BA1D-CEB6EF359F98}.Release|Win32.Build.0 = Release|Win32
		{7528CD09-57F6-460C-8F53-0F56BF8AEE1D}.Debug|Win32.ActiveCfg = Debug|Win32
		{7528CD09-57F6-460C-8F53-0F56BF8AEE1D}.Debug|Win32.Build.0 = Debug|Win32
		{7528CD09-57F6-460C-8F53-0F56BF8AEE1D}.Release|Win32.ActiveCfg = Release|Win32
		{7528CD09-57F6-460C-8F53-0F56BF8AEE1D}.Release|Win32.Build.0 = Release|Win32
		{3A97163F-02E2-446C-BB15-3C6D42A1987C}.Debug|Win32.ActiveCfg = Debug|Win32
		{3A97163F-02E2-446C-BB15-3C6D42A1987C}.Debug|Win32.Build.0 = Debug|Win32
		{3A97163F-02E2-446C-BB15-3C6D42A1987C}.Release|Win32.ActiveCfg = Release|Win32
		{3A97163F-02E2-446C-BB15-3C6D42A1987C}.Release|Win32.Build.0 = Release|Win32
		{CE7348FB-A172-4CEB-B83A-75B53F2503CB}.Debug|Win32.ActiveCfg = Debug|Win32
		{CE7348FB-A172-4CEB-B83A-75B53F2503CB}.Debug|Win32.Build.0 = Debug|Win32
		{CE7348FB-A172-4CEB-B83A-75B53F2503CB}.Release|Win32.ActiveCfg = Release|Win32
		{CE7348FB-A172-4CEB-B83A-75B53F2503CB}.Release|Win32.Build.0 = Release|Win32
		{6F4868EA-2D9C-42E5-8FB6-6E142C771EA7}.Debug|Win32.ActiveCfg = Debug|Win32
		{6F4868EA-2D9C-42E5-8FB6-6E142C771EA7}.Debug|Win32.Build.0 = Debug|Win32
		{6F4868EA-2D9C-42E5-8FB6-6E142C771EA7}.Release|Win32.ActiveCfg = Release|Win32
		{6F4868EA-2D9C-42E5-8FB6-6E142C771EA7}.Release|Win32.Build.0 = Release|Win32
		{17F4B2DC-BCC7-47E6-90F9-292F8EF8060E}.Debug|Win32.ActiveCfg = Debug|Win32
		{17F4B2DC-BCC7-47E6-90F9-292F8EF8060E}.Debug|Win32.Build.0 = Debug|Win32
		{17F4B2DC-BCC7-47E6-90F9-292F8EF8060E}.Release|Win32.ActiveCfg = Release|Win32
		{17F4B2DC-BCC7-47E6-90F9-292F8EF8060E}.Release|Win32.Build.0 = Release|Win32
		{A3E9643B-AC94-4C6F-B305-97F54DEAADDB}.Debug|Win32.ActiveCfg = Debug|Win32
		{A3E9643B-AC94-4C6F-B305-97F54DEAADDB}.Debug|Win32.Build.0 = Debug|Win32
		{A3E9643B-AC94-4C6F-B305-97F54DEAADDB}.Release|Win32.ActiveCfg = Release|Win32
		{A3E9643B-AC94-4C6F-B305-97F54DEAADDB}.Release|Win32.Build.0 = Release|Win32
		{7464FAB3-47E3-4713-9E4F-88B66F40927B}.Debug|Win32.ActiveCfg = Debug|Win32
		{7464FAB3-47E3-4713-9E4F-88B66F40927B}.Debug|Win32.Build.0 = Debug|Win32
		{7464FAB3-47E3-4713-9E4F-88B66F40927B}.Release|Win32.ActiveCfg = Release|Win32
		{7464FAB3-47E3-4713-9E4F-88B66F40927B}.Release|Win32.Build.0 = Release|Win32
	EndGlobalSection
	GlobalSection(SolutionProperties) = preSolution
		HideSolutionNode = FALSE
	EndGlobalSection
EndGlobal
